
Microsoft Visual Studio Solution File, Format Version 12.00
# Visual Studio Version 17
VisualStudioVersion = 17.0.31903.59
MinimumVisualStudioVersion = 10.0.40219.1
Project("{FAE04EC0-301F-11D3-BF4B-00C04F79EFBC}") = "ApiGateway", "ApiGateway\ApiGateway.csproj", "{29AC5914-81FC-412A-B266-2E9E72ED597C}"
EndProject
Project("{FAE04EC0-301F-11D3-BF4B-00C04F79EFBC}") = "SharedKernel", "SharedKernel\SharedKernel.csproj", "{E6058AC9-80A0-4414-B739-682F963CD1EA}"
EndProject
Project("{2150E333-8FDC-42A3-9474-1A3956D46DE8}") = "Order", "Order", "{E7AA3A6F-6C96-4FBB-B590-35960B59261E}"
EndProject
Project("{FAE04EC0-301F-11D3-BF4B-00C04F79EFBC}") = "Api", "Order\Api\Api.csproj", "{B20FC450-CF52-42E5-972A-70F162818199}"
EndProject
Project("{FAE04EC0-301F-11D3-BF4B-00C04F79EFBC}") = "App", "Order\App\App.csproj", "{C96ED29A-6454-4250-B421-022FB5AD30FD}"
EndProject
Project("{FAE04EC0-301F-11D3-BF4B-00C04F79EFBC}") = "Domain", "Order\Domain\Domain.csproj", "{8755A495-60CB-4C7E-A3C8-69D31F1F7C1B}"
EndProject
Project("{FAE04EC0-301F-11D3-BF4B-00C04F79EFBC}") = "Infrastructure", "Order\Infrastructure\Infrastructure.csproj", "{2CEAF521-C3E8-444F-B5C5-CA96D7637202}"
EndProject
Project("{2150E333-8FDC-42A3-9474-1A3956D46DE8}") = "Payment", "Payment", "{83B24DC7-4843-487E-906F-B2D164317532}"
EndProject
Project("{FAE04EC0-301F-11D3-BF4B-00C04F79EFBC}") = "Api", "Payment\Api\Api.csproj", "{55D038FD-E5B1-4AE6-9976-B989828E105F}"
EndProject
Project("{FAE04EC0-301F-11D3-BF4B-00C04F79EFBC}") = "App", "Payment\App\App.csproj", "{903C21C2-FC19-466A-92C3-BAEE0FDEB557}"
EndProject
Project("{FAE04EC0-301F-11D3-BF4B-00C04F79EFBC}") = "Domain", "Payment\Domain\Domain.csproj", "{B53049EF-21A0-482C-B026-9BCF2554F1F6}"
EndProject
Project("{FAE04EC0-301F-11D3-BF4B-00C04F79EFBC}") = "Infrastructure", "Payment\Infrastructure\Infrastructure.csproj", "{4B186553-DD31-4433-A030-91FF9D61EAF2}"
EndProject
Global
	GlobalSection(SolutionConfigurationPlatforms) = preSolution
		Debug|Any CPU = Debug|Any CPU
		Release|Any CPU = Release|Any CPU
	EndGlobalSection
	GlobalSection(SolutionProperties) = preSolution
		HideSolutionNode = FALSE
	EndGlobalSection
	GlobalSection(ProjectConfigurationPlatforms) = postSolution
		{29AC5914-81FC-412A-B266-2E9E72ED597C}.Debug|Any CPU.ActiveCfg = Debug|Any CPU
		{29AC5914-81FC-412A-B266-2E9E72ED597C}.Debug|Any CPU.Build.0 = Debug|Any CPU
		{29AC5914-81FC-412A-B266-2E9E72ED597C}.Release|Any CPU.ActiveCfg = Release|Any CPU
		{29AC5914-81FC-412A-B266-2E9E72ED597C}.Release|Any CPU.Build.0 = Release|Any CPU
		{E6058AC9-80A0-4414-B739-682F963CD1EA}.Debug|Any CPU.ActiveCfg = Debug|Any CPU
		{E6058AC9-80A0-4414-B739-682F963CD1EA}.Debug|Any CPU.Build.0 = Debug|Any CPU
		{E6058AC9-80A0-4414-B739-682F963CD1EA}.Release|Any CPU.ActiveCfg = Release|Any CPU
		{E6058AC9-80A0-4414-B739-682F963CD1EA}.Release|Any CPU.Build.0 = Release|Any CPU
		{B20FC450-CF52-42E5-972A-70F162818199}.Debug|Any CPU.ActiveCfg = Debug|Any CPU
		{B20FC450-CF52-42E5-972A-70F162818199}.Debug|Any CPU.Build.0 = Debug|Any CPU
		{B20FC450-CF52-42E5-972A-70F162818199}.Release|Any CPU.ActiveCfg = Release|Any CPU
		{B20FC450-CF52-42E5-972A-70F162818199}.Release|Any CPU.Build.0 = Release|Any CPU
		{C96ED29A-6454-4250-B421-022FB5AD30FD}.Debug|Any CPU.ActiveCfg = Debug|Any CPU
		{C96ED29A-6454-4250-B421-022FB5AD30FD}.Debug|Any CPU.Build.0 = Debug|Any CPU
		{C96ED29A-6454-4250-B421-022FB5AD30FD}.Release|Any CPU.ActiveCfg = Release|Any CPU
		{C96ED29A-6454-4250-B421-022FB5AD30FD}.Release|Any CPU.Build.0 = Release|Any CPU
		{8755A495-60CB-4C7E-A3C8-69D31F1F7C1B}.Debug|Any CPU.ActiveCfg = Debug|Any CPU
		{8755A495-60CB-4C7E-A3C8-69D31F1F7C1B}.Debug|Any CPU.Build.0 = Debug|Any CPU
		{8755A495-60CB-4C7E-A3C8-69D31F1F7C1B}.Release|Any CPU.ActiveCfg = Release|Any CPU
		{8755A495-60CB-4C7E-A3C8-69D31F1F7C1B}.Release|Any CPU.Build.0 = Release|Any CPU
		{2CEAF521-C3E8-444F-B5C5-CA96D7637202}.Debug|Any CPU.ActiveCfg = Debug|Any CPU
		{2CEAF521-C3E8-444F-B5C5-CA96D7637202}.Debug|Any CPU.Build.0 = Debug|Any CPU
		{2CEAF521-C3E8-444F-B5C5-CA96D7637202}.Release|Any CPU.ActiveCfg = Release|Any CPU
		{2CEAF521-C3E8-444F-B5C5-CA96D7637202}.Release|Any CPU.Build.0 = Release|Any CPU
		{55D038FD-E5B1-4AE6-9976-B989828E105F}.Debug|Any CPU.ActiveCfg = Debug|Any CPU
		{55D038FD-E5B1-4AE6-9976-B989828E105F}.Debug|Any CPU.Build.0 = Debug|Any CPU
		{55D038FD-E5B1-4AE6-9976-B989828E105F}.Release|Any CPU.ActiveCfg = Release|Any CPU
		{55D038FD-E5B1-4AE6-9976-B989828E105F}.Release|Any CPU.Build.0 = Release|Any CPU
		{903C21C2-FC19-466A-92C3-BAEE0FDEB557}.Debug|Any CPU.ActiveCfg = Debug|Any CPU
		{903C21C2-FC19-466A-92C3-BAEE0FDEB557}.Debug|Any CPU.Build.0 = Debug|Any CPU
		{903C21C2-FC19-466A-92C3-BAEE0FDEB557}.Release|Any CPU.ActiveCfg = Release|Any CPU
		{903C21C2-FC19-466A-92C3-BAEE0FDEB557}.Release|Any CPU.Build.0 = Release|Any CPU
		{B53049EF-21A0-482C-B026-9BCF2554F1F6}.Debug|Any CPU.ActiveCfg = Debug|Any CPU
		{B53049EF-21A0-482C-B026-9BCF2554F1F6}.Debug|Any CPU.Build.0 = Debug|Any CPU
		{B53049EF-21A0-482C-B026-9BCF2554F1F6}.Release|Any CPU.ActiveCfg = Release|Any CPU
		{B53049EF-21A0-482C-B026-9BCF2554F1F6}.Release|Any CPU.Build.0 = Release|Any CPU
		{4B186553-DD31-4433-A030-91FF9D61EAF2}.Debug|Any CPU.ActiveCfg = Debug|Any CPU
		{4B186553-DD31-4433-A030-91FF9D61EAF2}.Debug|Any CPU.Build.0 = Debug|Any CPU
		{4B186553-DD31-4433-A030-91FF9D61EAF2}.Release|Any CPU.ActiveCfg = Release|Any CPU
		{4B186553-DD31-4433-A030-91FF9D61EAF2}.Release|Any CPU.Build.0 = Release|Any CPU
	EndGlobalSection
	GlobalSection(NestedProjects) = preSolution
		{B20FC450-CF52-42E5-972A-70F162818199} = {E7AA3A6F-6C96-4FBB-B590-35960B59261E}
		{C96ED29A-6454-4250-B421-022FB5AD30FD} = {E7AA3A6F-6C96-4FBB-B590-35960B59261E}
		{8755A495-60CB-4C7E-A3C8-69D31F1F7C1B} = {E7AA3A6F-6C96-4FBB-B590-35960B59261E}
		{2CEAF521-C3E8-444F-B5C5-CA96D7637202} = {E7AA3A6F-6C96-4FBB-B590-35960B59261E}
		{55D038FD-E5B1-4AE6-9976-B989828E105F} = {83B24DC7-4843-487E-906F-B2D164317532}
		{903C21C2-FC19-466A-92C3-BAEE0FDEB557} = {83B24DC7-4843-487E-906F-B2D164317532}
		{B53049EF-21A0-482C-B026-9BCF2554F1F6} = {83B24DC7-4843-487E-906F-B2D164317532}
		{4B186553-DD31-4433-A030-91FF9D61EAF2} = {83B24DC7-4843-487E-906F-B2D164317532}
	EndGlobalSection
EndGlobal
